
Microsoft Visual Studio Solution File, Format Version 12.00
Project("{FAE04EC0-301F-11D3-BF4B-00C04F79EFBC}") = "offtopic-ai", "offtopic-ai\offtopic-ai.csproj", "{E7DC5425-6A06-4986-A968-C5B3C41791B8}"
EndProject
Global
	GlobalSection(SolutionConfigurationPlatforms) = preSolution
		Debug|Any CPU = Debug|Any CPU
		Release|Any CPU = Release|Any CPU
	EndGlobalSection
	GlobalSection(ProjectConfigurationPlatforms) = postSolution
		{E7DC5425-6A06-4986-A968-C5B3C41791B8}.Debug|Any CPU.ActiveCfg = Debug|Any CPU
		{E7DC5425-6A06-4986-A968-C5B3C41791B8}.Debug|Any CPU.Build.0 = Debug|Any CPU
		{E7DC5425-6A06-4986-A968-C5B3C41791B8}.Release|Any CPU.ActiveCfg = Release|Any CPU
		{E7DC5425-6A06-4986-A968-C5B3C41791B8}.Release|Any CPU.Build.0 = Release|Any CPU
	EndGlobalSection
EndGlobal
